
Microsoft Visual Studio Solution File, Format Version 12.00
# Visual Studio Version 16
VisualStudioVersion = 16.0.31624.102
MinimumVisualStudioVersion = 10.0.40219.1
Project("{FAE04EC0-301F-11D3-BF4B-00C04F79EFBC}") = "Phần 2. Cấu trúc lặp", "Phần 2. Cấu trúc lặp\Phần 2. Cấu trúc lặp.csproj", "{C1BCDB80-C0F6-468B-8657-1B08A4010E40}"
EndProject
Global
	GlobalSection(SolutionConfigurationPlatforms) = preSolution
		Debug|Any CPU = Debug|Any CPU
		Release|Any CPU = Release|Any CPU
	EndGlobalSection
	GlobalSection(ProjectConfigurationPlatforms) = postSolution
		{C1BCDB80-C0F6-468B-8657-1B08A4010E40}.Debug|Any CPU.ActiveCfg = Debug|Any CPU
		{C1BCDB80-C0F6-468B-8657-1B08A4010E40}.Debug|Any CPU.Build.0 = Debug|Any CPU
		{C1BCDB80-C0F6-468B-8657-1B08A4010E40}.Release|Any CPU.ActiveCfg = Release|Any CPU
		{C1BCDB80-C0F6-468B-8657-1B08A4010E40}.Release|Any CPU.Build.0 = Release|Any CPU
	EndGlobalSection
	GlobalSection(SolutionProperties) = preSolution
		HideSolutionNode = FALSE
	EndGlobalSection
	GlobalSection(ExtensibilityGlobals) = postSolution
		SolutionGuid = {EA0DAED2-9BD8-4A36-ABB5-268C18948A3A}
	EndGlobalSection
EndGlobal
